
Microsoft Visual Studio Solution File, Format Version 12.00
# Visual Studio Version 17
VisualStudioVersion = 17.3.32825.248
MinimumVisualStudioVersion = 10.0.40219.1
Project("{9A19103F-16F7-4668-BE54-9A1E7A4F7556}") = "SimpleCalculatorApi.Server", "SimpleCalculatorApi\Server\SimpleCalculatorApi.Server.csproj", "{4DF4B338-6A5A-4AE1-A568-1E40A1453C8D}"
EndProject
Project("{9A19103F-16F7-4668-BE54-9A1E7A4F7556}") = "SimpleCalculatorApi.Client", "SimpleCalculatorApi\Client\SimpleCalculatorApi.Client.csproj", "{6DE75E7B-EE93-4E39-A394-ADE0F9DE635F}"
EndProject
Project("{9A19103F-16F7-4668-BE54-9A1E7A4F7556}") = "SimpleCalculatorApi.Shared", "SimpleCalculatorApi\Shared\SimpleCalculatorApi.Shared.csproj", "{1753BE51-94BA-4EB9-B4BC-D67035AC54E3}"
EndProject
Project("{FAE04EC0-301F-11D3-BF4B-00C04F79EFBC}") = "MinimalApiCalculator", "MinimalApiCalculator\MinimalApiCalculator.csproj", "{236BA109-C96A-41F9-9BED-E937FDA31293}"
EndProject
Global
	GlobalSection(SolutionConfigurationPlatforms) = preSolution
		Debug|Any CPU = Debug|Any CPU
		Release|Any CPU = Release|Any CPU
	EndGlobalSection
	GlobalSection(ProjectConfigurationPlatforms) = postSolution
		{4DF4B338-6A5A-4AE1-A568-1E40A1453C8D}.Debug|Any CPU.ActiveCfg = Debug|Any CPU
		{4DF4B338-6A5A-4AE1-A568-1E40A1453C8D}.Debug|Any CPU.Build.0 = Debug|Any CPU
		{4DF4B338-6A5A-4AE1-A568-1E40A1453C8D}.Release|Any CPU.ActiveCfg = Release|Any CPU
		{4DF4B338-6A5A-4AE1-A568-1E40A1453C8D}.Release|Any CPU.Build.0 = Release|Any CPU
		{6DE75E7B-EE93-4E39-A394-ADE0F9DE635F}.Debug|Any CPU.ActiveCfg = Debug|Any CPU
		{6DE75E7B-EE93-4E39-A394-ADE0F9DE635F}.Debug|Any CPU.Build.0 = Debug|Any CPU
		{6DE75E7B-EE93-4E39-A394-ADE0F9DE635F}.Release|Any CPU.ActiveCfg = Release|Any CPU
		{6DE75E7B-EE93-4E39-A394-ADE0F9DE635F}.Release|Any CPU.Build.0 = Release|Any CPU
		{1753BE51-94BA-4EB9-B4BC-D67035AC54E3}.Debug|Any CPU.ActiveCfg = Debug|Any CPU
		{1753BE51-94BA-4EB9-B4BC-D67035AC54E3}.Debug|Any CPU.Build.0 = Debug|Any CPU
		{1753BE51-94BA-4EB9-B4BC-D67035AC54E3}.Release|Any CPU.ActiveCfg = Release|Any CPU
		{1753BE51-94BA-4EB9-B4BC-D67035AC54E3}.Release|Any CPU.Build.0 = Release|Any CPU
		{236BA109-C96A-41F9-9BED-E937FDA31293}.Debug|Any CPU.ActiveCfg = Debug|Any CPU
		{236BA109-C96A-41F9-9BED-E937FDA31293}.Debug|Any CPU.Build.0 = Debug|Any CPU
		{236BA109-C96A-41F9-9BED-E937FDA31293}.Release|Any CPU.ActiveCfg = Release|Any CPU
		{236BA109-C96A-41F9-9BED-E937FDA31293}.Release|Any CPU.Build.0 = Release|Any CPU
	EndGlobalSection
	GlobalSection(SolutionProperties) = preSolution
		HideSolutionNode = FALSE
	EndGlobalSection
	GlobalSection(ExtensibilityGlobals) = postSolution
		SolutionGuid = {DB497F9F-8756-46BA-AC8E-1769D37C33EF}
	EndGlobalSection
EndGlobal
